
Microsoft Visual Studio Solution File, Format Version 12.00
# Visual Studio 15
VisualStudioVersion = 15.0.28307.539
MinimumVisualStudioVersion = 10.0.40219.1
Project("{FAE04EC0-301F-11D3-BF4B-00C04F79EFBC}") = "COMS 276 Final Project", "COMS 276 Final Project\COMS 276 Final Project.csproj", "{4B5C8808-57B2-4742-9E0F-1CBE465EB3BF}"
EndProject
Project("{FAE04EC0-301F-11D3-BF4B-00C04F79EFBC}") = "WebReport", "WebReport\WebReport.csproj", "{527E314B-DCDF-4246-A8FE-F5CDD8D8C1DD}"
EndProject
Global
	GlobalSection(SolutionConfigurationPlatforms) = preSolution
		Debug|Any CPU = Debug|Any CPU
		Release|Any CPU = Release|Any CPU
	EndGlobalSection
	GlobalSection(ProjectConfigurationPlatforms) = postSolution
		{4B5C8808-57B2-4742-9E0F-1CBE465EB3BF}.Debug|Any CPU.ActiveCfg = Debug|Any CPU
		{4B5C8808-57B2-4742-9E0F-1CBE465EB3BF}.Debug|Any CPU.Build.0 = Debug|Any CPU
		{4B5C8808-57B2-4742-9E0F-1CBE465EB3BF}.Release|Any CPU.ActiveCfg = Release|Any CPU
		{4B5C8808-57B2-4742-9E0F-1CBE465EB3BF}.Release|Any CPU.Build.0 = Release|Any CPU
		{527E314B-DCDF-4246-A8FE-F5CDD8D8C1DD}.Debug|Any CPU.ActiveCfg = Debug|Any CPU
		{527E314B-DCDF-4246-A8FE-F5CDD8D8C1DD}.Debug|Any CPU.Build.0 = Debug|Any CPU
		{527E314B-DCDF-4246-A8FE-F5CDD8D8C1DD}.Release|Any CPU.ActiveCfg = Release|Any CPU
		{527E314B-DCDF-4246-A8FE-F5CDD8D8C1DD}.Release|Any CPU.Build.0 = Release|Any CPU
	EndGlobalSection
	GlobalSection(SolutionProperties) = preSolution
		HideSolutionNode = FALSE
	EndGlobalSection
	GlobalSection(ExtensibilityGlobals) = postSolution
		SolutionGuid = {9533C0B6-3CA4-4445-AAAF-331460249869}
	EndGlobalSection
EndGlobal
